
Microsoft Visual Studio Solution File, Format Version 12.00
# Visual Studio Version 16
VisualStudioVersion = 16.0.31729.503
MinimumVisualStudioVersion = 10.0.40219.1
Project("{8BC9CEB8-8B4A-11D0-8D11-00A0C91BC942}") = "webServer", "webServer.vcxproj", "{E682E73D-A67B-4CB4-BDC1-C4B29CC7D862}"
EndProject
Global
	GlobalSection(SolutionConfigurationPlatforms) = preSolution
		Debug|x64 = Debug|x64
		Debug|x86 = Debug|x86
		Release|x64 = Release|x64
		Release|x86 = Release|x86
	EndGlobalSection
	GlobalSection(ProjectConfigurationPlatforms) = postSolution
		{E682E73D-A67B-4CB4-BDC1-C4B29CC7D862}.Debug|x64.ActiveCfg = Debug|x64
		{E682E73D-A67B-4CB4-BDC1-C4B29CC7D862}.Debug|x64.Build.0 = Debug|x64
		{E682E73D-A67B-4CB4-BDC1-C4B29CC7D862}.Debug|x86.ActiveCfg = Debug|Win32
		{E682E73D-A67B-4CB4-BDC1-C4B29CC7D862}.Debug|x86.Build.0 = Debug|Win32
		{E682E73D-A67B-4CB4-BDC1-C4B29CC7D862}.Release|x64.ActiveCfg = Release|x64
		{E682E73D-A67B-4CB4-BDC1-C4B29CC7D862}.Release|x64.Build.0 = Release|x64
		{E682E73D-A67B-4CB4-BDC1-C4B29CC7D862}.Release|x86.ActiveCfg = Release|Win32
		{E682E73D-A67B-4CB4-BDC1-C4B29CC7D862}.Release|x86.Build.0 = Release|Win32
	EndGlobalSection
	GlobalSection(SolutionProperties) = preSolution
		HideSolutionNode = FALSE
	EndGlobalSection
	GlobalSection(ExtensibilityGlobals) = postSolution
		SolutionGuid = {6708120D-90C0-4317-8368-E6BE72D7CBF3}
	EndGlobalSection
EndGlobal
